
Microsoft Visual Studio Solution File, Format Version 12.00
# Visual Studio Version 17
VisualStudioVersion = 17.14.37111.16 d17.14
MinimumVisualStudioVersion = 10.0.40219.1
Project("{FAE04EC0-301F-11D3-BF4B-00C04F79EFBC}") = "NetNIX", "NetNIX\NetNIX.csproj", "{36F51950-0AA7-4F25-B3A0-D47E9565453A}"
EndProject
Project("{2150E333-8FDC-42A3-9474-1A3956D46DE8}") = "builtin", "builtin", "{02EA681E-C7D8-13C7-8484-4AC65E1B71E8}"
EndProject
Project("{2150E333-8FDC-42A3-9474-1A3956D46DE8}") = "lib", "lib", "{30B30E88-971D-4A46-8BC6-31B177278D2E}"
EndProject
Global
	GlobalSection(SolutionConfigurationPlatforms) = preSolution
		Debug|Any CPU = Debug|Any CPU
		Release|Any CPU = Release|Any CPU
	EndGlobalSection
	GlobalSection(ProjectConfigurationPlatforms) = postSolution
		{36F51950-0AA7-4F25-B3A0-D47E9565453A}.Debug|Any CPU.ActiveCfg = Debug|Any CPU
		{36F51950-0AA7-4F25-B3A0-D47E9565453A}.Debug|Any CPU.Build.0 = Debug|Any CPU
		{36F51950-0AA7-4F25-B3A0-D47E9565453A}.Release|Any CPU.ActiveCfg = Release|Any CPU
		{36F51950-0AA7-4F25-B3A0-D47E9565453A}.Release|Any CPU.Build.0 = Release|Any CPU
	EndGlobalSection
	GlobalSection(SolutionProperties) = preSolution
		HideSolutionNode = FALSE
	EndGlobalSection
	GlobalSection(ExtensibilityGlobals) = postSolution
		SolutionGuid = {50F4E620-919A-45DC-B94E-73351D22B9CE}
	EndGlobalSection
EndGlobal
